
Microsoft Visual Studio Solution File, Format Version 12.00
# Visual Studio Version 17
VisualStudioVersion = 17.13.35825.156 d17.13
MinimumVisualStudioVersion = 10.0.40219.1
Project("{FAE04EC0-301F-11D3-BF4B-00C04F79EFBC}") = "utspbo", "utspbo\utspbo.csproj", "{90F38CD6-9147-4055-AB59-1713C0A4F3CD}"
EndProject
Global
	GlobalSection(SolutionConfigurationPlatforms) = preSolution
		Debug|Any CPU = Debug|Any CPU
		Release|Any CPU = Release|Any CPU
	EndGlobalSection
	GlobalSection(ProjectConfigurationPlatforms) = postSolution
		{90F38CD6-9147-4055-AB59-1713C0A4F3CD}.Debug|Any CPU.ActiveCfg = Debug|Any CPU
		{90F38CD6-9147-4055-AB59-1713C0A4F3CD}.Debug|Any CPU.Build.0 = Debug|Any CPU
		{90F38CD6-9147-4055-AB59-1713C0A4F3CD}.Release|Any CPU.ActiveCfg = Release|Any CPU
		{90F38CD6-9147-4055-AB59-1713C0A4F3CD}.Release|Any CPU.Build.0 = Release|Any CPU
	EndGlobalSection
	GlobalSection(SolutionProperties) = preSolution
		HideSolutionNode = FALSE
	EndGlobalSection
	GlobalSection(ExtensibilityGlobals) = postSolution
		SolutionGuid = {29E7E5B8-1F01-4248-AC65-3972CAA792B8}
	EndGlobalSection
EndGlobal
